// !$*UTF8*$!
{
	archiveVersion = 1;
	classes = {
	};
	objectVersion = 55;
	objects = {

/* Begin PBXBuildFile section */
		E1EF171A28FED4BE00E53290 /* SecureSwiftUIApp.swift in Sources */ = {isa = PBXBuildFile; fileRef = E1EF171928FED4BE00E53290 /* SecureSwiftUIApp.swift */; };
		E1EF171C28FED4BE00E53290 /* ContentView.swift in Sources */ = {isa = PBXBuildFile; fileRef = E1EF171B28FED4BE00E53290 /* ContentView.swift */; };
		E1EF171E28FED4C000E53290 /* Assets.xcassets in Resources */ = {isa = PBXBuildFile; fileRef = E1EF171D28FED4C000E53290 /* Assets.xcassets */; };
		E1EF172128FED4C000E53290 /* Preview Assets.xcassets in Resources */ = {isa = PBXBuildFile; fileRef = E1EF172028FED4C000E53290 /* Preview Assets.xcassets */; };
		E1EF172B28FED4C000E53290 /* SecureSwiftUITests.swift in Sources */ = {isa = PBXBuildFile; fileRef = E1EF172A28FED4C000E53290 /* SecureSwiftUITests.swift */; };
		E1EF173528FED4C000E53290 /* SecureSwiftUIUITests.swift in Sources */ = {isa = PBXBuildFile; fileRef = E1EF173428FED4C000E53290 /* SecureSwiftUIUITests.swift */; };
		E1EF173728FED4C000E53290 /* SecureSwiftUIUITestsLaunchTests.swift in Sources */ = {isa = PBXBuildFile; fileRef = E1EF173628FED4C000E53290 /* SecureSwiftUIUITestsLaunchTests.swift */; };
		E1EF174428FED79600E53290 /* SecureView.swift in Sources */ = {isa = PBXBuildFile; fileRef = E1EF174328FED79600E53290 /* SecureView.swift */; };
		E1EF174628FED7D800E53290 /* SecureViewController.swift in Sources */ = {isa = PBXBuildFile; fileRef = E1EF174528FED7D800E53290 /* SecureViewController.swift */; };
		E1EF174828FEDEED00E53290 /* MainViewModel.swift in Sources */ = {isa = PBXBuildFile; fileRef = E1EF174728FEDEED00E53290 /* MainViewModel.swift */; };
/* End PBXBuildFile section */

/* Begin PBXContainerItemProxy section */
		E1EF172728FED4C000E53290 /* PBXContainerItemProxy */ = {
			isa = PBXContainerItemProxy;
			containerPortal = E1EF170E28FED4BE00E53290 /* Project object */;
			proxyType = 1;
			remoteGlobalIDString = E1EF171528FED4BE00E53290;
			remoteInfo = SecureSwiftUI;
		};
		E1EF173128FED4C000E53290 /* PBXContainerItemProxy */ = {
			isa = PBXContainerItemProxy;
			containerPortal = E1EF170E28FED4BE00E53290 /* Project object */;
			proxyType = 1;
			remoteGlobalIDString = E1EF171528FED4BE00E53290;
			remoteInfo = SecureSwiftUI;
		};
/* End PBXContainerItemProxy section */

/* Begin PBXFileReference section */
		E1EF171628FED4BE00E53290 /* SecureSwiftUI.app */ = {isa = PBXFileReference; explicitFileType = wrapper.application; includeInIndex = 0; path = SecureSwiftUI.app; sourceTree = BUILT_PRODUCTS_DIR; };
		E1EF171928FED4BE00E53290 /* SecureSwiftUIApp.swift */ = {isa = PBXFileReference; lastKnownFileType = sourcecode.swift; path = SecureSwiftUIApp.swift; sourceTree = "<group>"; };
		E1EF171B28FED4BE00E53290 /* ContentView.swift */ = {isa = PBXFileReference; lastKnownFileType = sourcecode.swift; path = ContentView.swift; sourceTree = "<group>"; };
		E1EF171D28FED4C000E53290 /* Assets.xcassets */ = {isa = PBXFileReference; lastKnownFileType = folder.assetcatalog; path = Assets.xcassets; sourceTree = "<group>"; };
		E1EF172028FED4C000E53290 /* Preview Assets.xcassets */ = {isa = PBXFileReference; lastKnownFileType = folder.assetcatalog; path = "Preview Assets.xcassets"; sourceTree = "<group>"; };
		E1EF172628FED4C000E53290 /* SecureSwiftUITests.xctest */ = {isa = PBXFileReference; explicitFileType = wrapper.cfbundle; includeInIndex = 0; path = SecureSwiftUITests.xctest; sourceTree = BUILT_PRODUCTS_DIR; };
		E1EF172A28FED4C000E53290 /* SecureSwiftUITests.swift */ = {isa = PBXFileReference; lastKnownFileType = sourcecode.swift; path = SecureSwiftUITests.swift; sourceTree = "<group>"; };
		E1EF173028FED4C000E53290 /* SecureSwiftUIUITests.xctest */ = {isa = PBXFileReference; explicitFileType = wrapper.cfbundle; includeInIndex = 0; path = SecureSwiftUIUITests.xctest; sourceTree = BUILT_PRODUCTS_DIR; };
		E1EF173428FED4C000E53290 /* SecureSwiftUIUITests.swift */ = {isa = PBXFileReference; lastKnownFileType = sourcecode.swift; path = SecureSwiftUIUITests.swift; sourceTree = "<group>"; };
		E1EF173628FED4C000E53290 /* SecureSwiftUIUITestsLaunchTests.swift */ = {isa = PBXFileReference; lastKnownFileType = sourcecode.swift; path = SecureSwiftUIUITestsLaunchTests.swift; sourceTree = "<group>"; };
		E1EF174328FED79600E53290 /* SecureView.swift */ = {isa = PBXFileReference; lastKnownFileType = sourcecode.swift; path = SecureView.swift; sourceTree = "<group>"; };
		E1EF174528FED7D800E53290 /* SecureViewController.swift */ = {isa = PBXFileReference; lastKnownFileType = sourcecode.swift; path = SecureViewController.swift; sourceTree = "<group>"; };
		E1EF174728FEDEED00E53290 /* MainViewModel.swift */ = {isa = PBXFileReference; lastKnownFileType = sourcecode.swift; path = MainViewModel.swift; sourceTree = "<group>"; };
/* End PBXFileReference section */

/* Begin PBXFrameworksBuildPhase section */
		E1EF171328FED4BE00E53290 /* Frameworks */ = {
			isa = PBXFrameworksBuildPhase;
			buildActionMask = 2147483647;
			files = (
			);
			runOnlyForDeploymentPostprocessing = 0;
		};
		E1EF172328FED4C000E53290 /* Frameworks */ = {
			isa = PBXFrameworksBuildPhase;
			buildActionMask = 2147483647;
			files = (
			);
			runOnlyForDeploymentPostprocessing = 0;
		};
		E1EF172D28FED4C000E53290 /* Frameworks */ = {
			isa = PBXFrameworksBuildPhase;
			buildActionMask = 2147483647;
			files = (
			);
			runOnlyForDeploymentPostprocessing = 0;
		};
/* End PBXFrameworksBuildPhase section */

/* Begin PBXGroup section */
		E1EF170D28FED4BE00E53290 = {
			isa = PBXGroup;
			children = (
				E1EF171828FED4BE00E53290 /* SecureSwiftUI */,
				E1EF172928FED4C000E53290 /* SecureSwiftUITests */,
				E1EF173328FED4C000E53290 /* SecureSwiftUIUITests */,
				E1EF171728FED4BE00E53290 /* Products */,
			);
			sourceTree = "<group>";
		};
		E1EF171728FED4BE00E53290 /* Products */ = {
			isa = PBXGroup;
			children = (
				E1EF171628FED4BE00E53290 /* SecureSwiftUI.app */,
				E1EF172628FED4C000E53290 /* SecureSwiftUITests.xctest */,
				E1EF173028FED4C000E53290 /* SecureSwiftUIUITests.xctest */,
			);
			name = Products;
			sourceTree = "<group>";
		};
		E1EF171828FED4BE00E53290 /* SecureSwiftUI */ = {
			isa = PBXGroup;
			children = (
				E1EF171928FED4BE00E53290 /* SecureSwiftUIApp.swift */,
				E1EF171B28FED4BE00E53290 /* ContentView.swift */,
				E1EF171D28FED4C000E53290 /* Assets.xcassets */,
				E1EF171F28FED4C000E53290 /* Preview Content */,
				E1EF174328FED79600E53290 /* SecureView.swift */,
				E1EF174528FED7D800E53290 /* SecureViewController.swift */,
				E1EF174728FEDEED00E53290 /* MainViewModel.swift */,
			);
			path = SecureSwiftUI;
			sourceTree = "<group>";
		};
		E1EF171F28FED4C000E53290 /* Preview Content */ = {
			isa = PBXGroup;
			children = (
				E1EF172028FED4C000E53290 /* Preview Assets.xcassets */,
			);
			path = "Preview Content";
			sourceTree = "<group>";
		};
		E1EF172928FED4C000E53290 /* SecureSwiftUITests */ = {
			isa = PBXGroup;
			children = (
				E1EF172A28FED4C000E53290 /* SecureSwiftUITests.swift */,
			);
			path = SecureSwiftUITests;
			sourceTree = "<group>";
		};
		E1EF173328FED4C000E53290 /* SecureSwiftUIUITests */ = {
			isa = PBXGroup;
			children = (
				E1EF173428FED4C000E53290 /* SecureSwiftUIUITests.swift */,
				E1EF173628FED4C000E53290 /* SecureSwiftUIUITestsLaunchTests.swift */,
			);
			path = SecureSwiftUIUITests;
			sourceTree = "<group>";
		};
/* End PBXGroup section */

/* Begin PBXNativeTarget section */
		E1EF171528FED4BE00E53290 /* SecureSwiftUI */ = {
			isa = PBXNativeTarget;
			buildConfigurationList = E1EF173A28FED4C000E53290 /* Build configuration list for PBXNativeTarget "SecureSwiftUI" */;
			buildPhases = (
				E1EF171228FED4BE00E53290 /* Sources */,
				E1EF171328FED4BE00E53290 /* Frameworks */,
				E1EF171428FED4BE00E53290 /* Resources */,
			);
			buildRules = (
			);
			dependencies = (
			);
			name = SecureSwiftUI;
			productName = SecureSwiftUI;
			productReference = E1EF171628FED4BE00E53290 /* SecureSwiftUI.app */;
			productType = "com.apple.product-type.application";
		};
		E1EF172528FED4C000E53290 /* SecureSwiftUITests */ = {
			isa = PBXNativeTarget;
			buildConfigurationList = E1EF173D28FED4C000E53290 /* Build configuration list for PBXNativeTarget "SecureSwiftUITests" */;
			buildPhases = (
				E1EF172228FED4C000E53290 /* Sources */,
				E1EF172328FED4C000E53290 /* Frameworks */,
				E1EF172428FED4C000E53290 /* Resources */,
			);
			buildRules = (
			);
			dependencies = (
				E1EF172828FED4C000E53290 /* PBXTargetDependency */,
			);
			name = SecureSwiftUITests;
			productName = SecureSwiftUITests;
			productReference = E1EF172628FED4C000E53290 /* SecureSwiftUITests.xctest */;
			productType = "com.apple.product-type.bundle.unit-test";
		};
		E1EF172F28FED4C000E53290 /* SecureSwiftUIUITests */ = {
			isa = PBXNativeTarget;
			buildConfigurationList = E1EF174028FED4C000E53290 /* Build configuration list for PBXNativeTarget "SecureSwiftUIUITests" */;
			buildPhases = (
				E1EF172C28FED4C000E53290 /* Sources */,
				E1EF172D28FED4C000E53290 /* Frameworks */,
				E1EF172E28FED4C000E53290 /* Resources */,
			);
			buildRules = (
			);
			dependencies = (
				E1EF173228FED4C000E53290 /* PBXTargetDependency */,
			);
			name = SecureSwiftUIUITests;
			productName = SecureSwiftUIUITests;
			productReference = E1EF173028FED4C000E53290 /* SecureSwiftUIUITests.xctest */;
			productType = "com.apple.product-type.bundle.ui-testing";
		};
/* End PBXNativeTarget section */

/* Begin PBXProject section */
		E1EF170E28FED4BE00E53290 /* Project object */ = {
			isa = PBXProject;
			attributes = {
				BuildIndependentTargetsInParallel = 1;
				LastSwiftUpdateCheck = 1340;
				LastUpgradeCheck = 1340;
				TargetAttributes = {
					E1EF171528FED4BE00E53290 = {
						CreatedOnToolsVersion = 13.4.1;
					};
					E1EF172528FED4C000E53290 = {
						CreatedOnToolsVersion = 13.4.1;
						TestTargetID = E1EF171528FED4BE00E53290;
					};
					E1EF172F28FED4C000E53290 = {
						CreatedOnToolsVersion = 13.4.1;
						TestTargetID = E1EF171528FED4BE00E53290;
					};
				};
			};
			buildConfigurationList = E1EF171128FED4BE00E53290 /* Build configuration list for PBXProject "SecureSwiftUI" */;
			compatibilityVersion = "Xcode 13.0";
			developmentRegion = en;
			hasScannedForEncodings = 0;
			knownRegions = (
				en,
				Base,
			);
			mainGroup = E1EF170D28FED4BE00E53290;
			productRefGroup = E1EF171728FED4BE00E53290 /* Products */;
			projectDirPath = "";
			projectRoot = "";
			targets = (
				E1EF171528FED4BE00E53290 /* SecureSwiftUI */,
				E1EF172528FED4C000E53290 /* SecureSwiftUITests */,
				E1EF172F28FED4C000E53290 /* SecureSwiftUIUITests */,
			);
		};
/* End PBXProject section */

/* Begin PBXResourcesBuildPhase section */
		E1EF171428FED4BE00E53290 /* Resources */ = {
			isa = PBXResourcesBuildPhase;
			buildActionMask = 2147483647;
			files = (
				E1EF172128FED4C000E53290 /* Preview Assets.xcassets in Resources */,
				E1EF171E28FED4C000E53290 /* Assets.xcassets in Resources */,
			);
			runOnlyForDeploymentPostprocessing = 0;
		};
		E1EF172428FED4C000E53290 /* Resources */ = {
			isa = PBXResourcesBuildPhase;
			buildActionMask = 2147483647;
			files = (
			);
			runOnlyForDeploymentPostprocessing = 0;
		};
		E1EF172E28FED4C000E53290 /* Resources */ = {
			isa = PBXResourcesBuildPhase;
			buildActionMask = 2147483647;
			files = (
			);
			runOnlyForDeploymentPostprocessing = 0;
		};
/* End PBXResourcesBuildPhase section */

/* Begin PBXSourcesBuildPhase section */
		E1EF171228FED4BE00E53290 /* Sources */ = {
			isa = PBXSourcesBuildPhase;
			buildActionMask = 2147483647;
			files = (
				E1EF174828FEDEED00E53290 /* MainViewModel.swift in Sources */,
				E1EF174428FED79600E53290 /* SecureView.swift in Sources */,
				E1EF171C28FED4BE00E53290 /* ContentView.swift in Sources */,
				E1EF171A28FED4BE00E53290 /* SecureSwiftUIApp.swift in Sources */,
				E1EF174628FED7D800E53290 /* SecureViewController.swift in Sources */,
			);
			runOnlyForDeploymentPostprocessing = 0;
		};
		E1EF172228FED4C000E53290 /* Sources */ = {
			isa = PBXSourcesBuildPhase;
			buildActionMask = 2147483647;
			files = (
				E1EF172B28FED4C000E53290 /* SecureSwiftUITests.swift in Sources */,
			);
			runOnlyForDeploymentPostprocessing = 0;
		};
		E1EF172C28FED4C000E53290 /* Sources */ = {
			isa = PBXSourcesBuildPhase;
			buildActionMask = 2147483647;
			files = (
				E1EF173528FED4C000E53290 /* SecureSwiftUIUITests.swift in Sources */,
				E1EF173728FED4C000E53290 /* SecureSwiftUIUITestsLaunchTests.swift in Sources */,
			);
			runOnlyForDeploymentPostprocessing = 0;
		};
/* End PBXSourcesBuildPhase section */

/* Begin PBXTargetDependency section */
		E1EF172828FED4C000E53290 /* PBXTargetDependency */ = {
			isa = PBXTargetDependency;
			target = E1EF171528FED4BE00E53290 /* SecureSwiftUI */;
			targetProxy = E1EF172728FED4C000E53290 /* PBXContainerItemProxy */;
		};
		E1EF173228FED4C000E53290 /* PBXTargetDependency */ = {
			isa = PBXTargetDependency;
			target = E1EF171528FED4BE00E53290 /* SecureSwiftUI */;
			targetProxy = E1EF173128FED4C000E53290 /* PBXContainerItemProxy */;
		};
/* End PBXTargetDependency section */

/* Begin XCBuildConfiguration section */
		E1EF173828FED4C000E53290 /* Debug */ = {
			isa = XCBuildConfiguration;
			buildSettings = {
				ALWAYS_SEARCH_USER_PATHS = NO;
				CLANG_ANALYZER_NONNULL = YES;
				CLANG_ANALYZER_NUMBER_OBJECT_CONVERSION = YES_AGGRESSIVE;
				CLANG_CXX_LANGUAGE_STANDARD = "gnu++17";
				CLANG_ENABLE_MODULES = YES;
				CLANG_ENABLE_OBJC_ARC = YES;
				CLANG_ENABLE_OBJC_WEAK = YES;
				CLANG_WARN_BLOCK_CAPTURE_AUTORELEASING = YES;
				CLANG_WARN_BOOL_CONVERSION = YES;
				CLANG_WARN_COMMA = YES;
				CLANG_WARN_CONSTANT_CONVERSION = YES;
				CLANG_WARN_DEPRECATED_OBJC_IMPLEMENTATIONS = YES;
				CLANG_WARN_DIRECT_OBJC_ISA_USAGE = YES_ERROR;
				CLANG_WARN_DOCUMENTATION_COMMENTS = YES;
				CLANG_WARN_EMPTY_BODY = YES;
				CLANG_WARN_ENUM_CONVERSION = YES;
				CLANG_WARN_INFINITE_RECURSION = YES;
				CLANG_WARN_INT_CONVERSION = YES;
				CLANG_WARN_NON_LITERAL_NULL_CONVERSION = YES;
				CLANG_WARN_OBJC_IMPLICIT_RETAIN_SELF = YES;
				CLANG_WARN_OBJC_LITERAL_CONVERSION = YES;
				CLANG_WARN_OBJC_ROOT_CLASS = YES_ERROR;
				CLANG_WARN_QUOTED_INCLUDE_IN_FRAMEWORK_HEADER = YES;
				CLANG_WARN_RANGE_LOOP_ANALYSIS = YES;
				CLANG_WARN_STRICT_PROTOTYPES = YES;
				CLANG_WARN_SUSPICIOUS_MOVE = YES;
				CLANG_WARN_UNGUARDED_AVAILABILITY = YES_AGGRESSIVE;
				CLANG_WARN_UNREACHABLE_CODE = YES;
				CLANG_WARN__DUPLICATE_METHOD_MATCH = YES;
				COPY_PHASE_STRIP = NO;
				DEBUG_INFORMATION_FORMAT = dwarf;
				ENABLE_STRICT_OBJC_MSGSEND = YES;
				ENABLE_TESTABILITY = YES;
				GCC_C_LANGUAGE_STANDARD = gnu11;
				GCC_DYNAMIC_NO_PIC = NO;
				GCC_NO_COMMON_BLOCKS = YES;
				GCC_OPTIMIZATION_LEVEL = 0;
				GCC_PREPROCESSOR_DEFINITIONS = (
					"DEBUG=1",
					"$(inherited)",
				);
				GCC_WARN_64_TO_32_BIT_CONVERSION = YES;
				GCC_WARN_ABOUT_RETURN_TYPE = YES_ERROR;
				GCC_WARN_UNDECLARED_SELECTOR = YES;
				GCC_WARN_UNINITIALIZED_AUTOS = YES_AGGRESSIVE;
				GCC_WARN_UNUSED_FUNCTION = YES;
				GCC_WARN_UNUSED_VARIABLE = YES;
				IPHONEOS_DEPLOYMENT_TARGET = 15.5;
				MTL_ENABLE_DEBUG_INFO = INCLUDE_SOURCE;
				MTL_FAST_MATH = YES;
				ONLY_ACTIVE_ARCH = YES;
				SDKROOT = iphoneos;
				SWIFT_ACTIVE_COMPILATION_CONDITIONS = DEBUG;
				SWIFT_OPTIMIZATION_LEVEL = "-Onone";
			};
			name = Debug;
		};
		E1EF173928FED4C000E53290 /* Release */ = {
			isa = XCBuildConfiguration;
			buildSettings = {
				ALWAYS_SEARCH_USER_PATHS = NO;
				CLANG_ANALYZER_NONNULL = YES;
				CLANG_ANALYZER_NUMBER_OBJECT_CONVERSION = YES_AGGRESSIVE;
				CLANG_CXX_LANGUAGE_STANDARD = "gnu++17";
				CLANG_ENABLE_MODULES = YES;
				CLANG_ENABLE_OBJC_ARC = YES;
				CLANG_ENABLE_OBJC_WEAK = YES;
				CLANG_WARN_BLOCK_CAPTURE_AUTORELEASING = YES;
				CLANG_WARN_BOOL_CONVERSION = YES;
				CLANG_WARN_COMMA = YES;
				CLANG_WARN_CONSTANT_CONVERSION = YES;
				CLANG_WARN_DEPRECATED_OBJC_IMPLEMENTATIONS = YES;
				CLANG_WARN_DIRECT_OBJC_ISA_USAGE = YES_ERROR;
				CLANG_WARN_DOCUMENTATION_COMMENTS = YES;
				CLANG_WARN_EMPTY_BODY = YES;
				CLANG_WARN_ENUM_CONVERSION = YES;
				CLANG_WARN_INFINITE_RECURSION = YES;
				CLANG_WARN_INT_CONVERSION = YES;
				CLANG_WARN_NON_LITERAL_NULL_CONVERSION = YES;
				CLANG_WARN_OBJC_IMPLICIT_RETAIN_SELF = YES;
				CLANG_WARN_OBJC_LITERAL_CONVERSION = YES;
				CLANG_WARN_OBJC_ROOT_CLASS = YES_ERROR;
				CLANG_WARN_QUOTED_INCLUDE_IN_FRAMEWORK_HEADER = YES;
				CLANG_WARN_RANGE_LOOP_ANALYSIS = YES;
				CLANG_WARN_STRICT_PROTOTYPES = YES;
				CLANG_WARN_SUSPICIOUS_MOVE = YES;
				CLANG_WARN_UNGUARDED_AVAILABILITY = YES_AGGRESSIVE;
				CLANG_WARN_UNREACHABLE_CODE = YES;
				CLANG_WARN__DUPLICATE_METHOD_MATCH = YES;
				COPY_PHASE_STRIP = NO;
				DEBUG_INFORMATION_FORMAT = "dwarf-with-dsym";
				ENABLE_NS_ASSERTIONS = NO;
				ENABLE_STRICT_OBJC_MSGSEND = YES;
				GCC_C_LANGUAGE_STANDARD = gnu11;
				GCC_NO_COMMON_BLOCKS = YES;
				GCC_WARN_64_TO_32_BIT_CONVERSION = YES;
				GCC_WARN_ABOUT_RETURN_TYPE = YES_ERROR;
				GCC_WARN_UNDECLARED_SELECTOR = YES;
				GCC_WARN_UNINITIALIZED_AUTOS = YES_AGGRESSIVE;
				GCC_WARN_UNUSED_FUNCTION = YES;
				GCC_WARN_UNUSED_VARIABLE = YES;
				IPHONEOS_DEPLOYMENT_TARGET = 15.5;
				MTL_ENABLE_DEBUG_INFO = NO;
				MTL_FAST_MATH = YES;
				SDKROOT = iphoneos;
				SWIFT_COMPILATION_MODE = wholemodule;
				SWIFT_OPTIMIZATION_LEVEL = "-O";
				VALIDATE_PRODUCT = YES;
			};
			name = Release;
		};
		E1EF173B28FED4C000E53290 /* Debug */ = {
			isa = XCBuildConfiguration;
			buildSettings = {
				ASSETCATALOG_COMPILER_APPICON_NAME = AppIcon;
				ASSETCATALOG_COMPILER_GLOBAL_ACCENT_COLOR_NAME = AccentColor;
				CODE_SIGN_STYLE = Automatic;
				CURRENT_PROJECT_VERSION = 1;
				DEVELOPMENT_ASSET_PATHS = "\"SecureSwiftUI/Preview Content\"";
				DEVELOPMENT_TEAM = 9DV7HHTL73;
				ENABLE_PREVIEWS = YES;
				GENERATE_INFOPLIST_FILE = YES;
				INFOPLIST_KEY_UIApplicationSceneManifest_Generation = YES;
				INFOPLIST_KEY_UIApplicationSupportsIndirectInputEvents = YES;
				INFOPLIST_KEY_UILaunchScreen_Generation = YES;
				INFOPLIST_KEY_UISupportedInterfaceOrientations_iPad = "UIInterfaceOrientationPortrait UIInterfaceOrientationPortraitUpsideDown UIInterfaceOrientationLandscapeLeft UIInterfaceOrientationLandscapeRight";
				INFOPLIST_KEY_UISupportedInterfaceOrientations_iPhone = "UIInterfaceOrientationPortrait UIInterfaceOrientationLandscapeLeft UIInterfaceOrientationLandscapeRight";
				LD_RUNPATH_SEARCH_PATHS = (
					"$(inherited)",
					"@executable_path/Frameworks",
				);
				MARKETING_VERSION = 1.0;
				PRODUCT_BUNDLE_IDENTIFIER = link.kokoichi.SecureSwiftUI;
				PRODUCT_NAME = "$(TARGET_NAME)";
				SWIFT_EMIT_LOC_STRINGS = YES;
				SWIFT_VERSION = 5.0;
				TARGETED_DEVICE_FAMILY = "1,2";
			};
			name = Debug;
		};
		E1EF173C28FED4C000E53290 /* Release */ = {
			isa = XCBuildConfiguration;
			buildSettings = {
				ASSETCATALOG_COMPILER_APPICON_NAME = AppIcon;
				ASSETCATALOG_COMPILER_GLOBAL_ACCENT_COLOR_NAME = AccentColor;
				CODE_SIGN_STYLE = Automatic;
				CURRENT_PROJECT_VERSION = 1;
				DEVELOPMENT_ASSET_PATHS = "\"SecureSwiftUI/Preview Content\"";
				DEVELOPMENT_TEAM = 9DV7HHTL73;
				ENABLE_PREVIEWS = YES;
				GENERATE_INFOPLIST_FILE = YES;
				INFOPLIST_KEY_UIApplicationSceneManifest_Generation = YES;
				INFOPLIST_KEY_UIApplicationSupportsIndirectInputEvents = YES;
				INFOPLIST_KEY_UILaunchScreen_Generation = YES;
				INFOPLIST_KEY_UISupportedInterfaceOrientations_iPad = "UIInterfaceOrientationPortrait UIInterfaceOrientationPortraitUpsideDown UIInterfaceOrientationLandscapeLeft UIInterfaceOrientationLandscapeRight";
				INFOPLIST_KEY_UISupportedInterfaceOrientations_iPhone = "UIInterfaceOrientationPortrait UIInterfaceOrientationLandscapeLeft UIInterfaceOrientationLandscapeRight";
				LD_RUNPATH_SEARCH_PATHS = (
					"$(inherited)",
					"@executable_path/Frameworks",
				);
				MARKETING_VERSION = 1.0;
				PRODUCT_BUNDLE_IDENTIFIER = link.kokoichi.SecureSwiftUI;
				PRODUCT_NAME = "$(TARGET_NAME)";
				SWIFT_EMIT_LOC_STRINGS = YES;
				SWIFT_VERSION = 5.0;
				TARGETED_DEVICE_FAMILY = "1,2";
			};
			name = Release;
		};
		E1EF173E28FED4C000E53290 /* Debug */ = {
			isa = XCBuildConfiguration;
			buildSettings = {
				ALWAYS_EMBED_SWIFT_STANDARD_LIBRARIES = YES;
				BUNDLE_LOADER = "$(TEST_HOST)";
				CODE_SIGN_STYLE = Automatic;
				CURRENT_PROJECT_VERSION = 1;
				DEVELOPMENT_TEAM = 9DV7HHTL73;
				GENERATE_INFOPLIST_FILE = YES;
				IPHONEOS_DEPLOYMENT_TARGET = 15.5;
				MARKETING_VERSION = 1.0;
				PRODUCT_BUNDLE_IDENTIFIER = link.kokoichi.SecureSwiftUITests;
				PRODUCT_NAME = "$(TARGET_NAME)";
				SWIFT_EMIT_LOC_STRINGS = NO;
				SWIFT_VERSION = 5.0;
				TARGETED_DEVICE_FAMILY = "1,2";
				TEST_HOST = "$(BUILT_PRODUCTS_DIR)/SecureSwiftUI.app/SecureSwiftUI";
			};
			name = Debug;
		};
		E1EF173F28FED4C000E53290 /* Release */ = {
			isa = XCBuildConfiguration;
			buildSettings = {
				ALWAYS_EMBED_SWIFT_STANDARD_LIBRARIES = YES;
				BUNDLE_LOADER = "$(TEST_HOST)";
				CODE_SIGN_STYLE = Automatic;
				CURRENT_PROJECT_VERSION = 1;
				DEVELOPMENT_TEAM = 9DV7HHTL73;
				GENERATE_INFOPLIST_FILE = YES;
				IPHONEOS_DEPLOYMENT_TARGET = 15.5;
				MARKETING_VERSION = 1.0;
				PRODUCT_BUNDLE_IDENTIFIER = link.kokoichi.SecureSwiftUITests;
				PRODUCT_NAME = "$(TARGET_NAME)";
				SWIFT_EMIT_LOC_STRINGS = NO;
				SWIFT_VERSION = 5.0;
				TARGETED_DEVICE_FAMILY = "1,2";
				TEST_HOST = "$(BUILT_PRODUCTS_DIR)/SecureSwiftUI.app/SecureSwiftUI";
			};
			name = Release;
		};
		E1EF174128FED4C000E53290 /* Debug */ = {
			isa = XCBuildConfiguration;
			buildSettings = {
				ALWAYS_EMBED_SWIFT_STANDARD_LIBRARIES = YES;
				CODE_SIGN_STYLE = Automatic;
				CURRENT_PROJECT_VERSION = 1;
				DEVELOPMENT_TEAM = 9DV7HHTL73;
				GENERATE_INFOPLIST_FILE = YES;
				MARKETING_VERSION = 1.0;
				PRODUCT_BUNDLE_IDENTIFIER = link.kokoichi.SecureSwiftUIUITests;
				PRODUCT_NAME = "$(TARGET_NAME)";
				SWIFT_EMIT_LOC_STRINGS = NO;
				SWIFT_VERSION = 5.0;
				TARGETED_DEVICE_FAMILY = "1,2";
				TEST_TARGET_NAME = SecureSwiftUI;
			};
			name = Debug;
		};
		E1EF174228FED4C000E53290 /* Release */ = {
			isa = XCBuildConfiguration;
			buildSettings = {
				ALWAYS_EMBED_SWIFT_STANDARD_LIBRARIES = YES;
				CODE_SIGN_STYLE = Automatic;
				CURRENT_PROJECT_VERSION = 1;
				DEVELOPMENT_TEAM = 9DV7HHTL73;
				GENERATE_INFOPLIST_FILE = YES;
				MARKETING_VERSION = 1.0;
				PRODUCT_BUNDLE_IDENTIFIER = link.kokoichi.SecureSwiftUIUITests;
				PRODUCT_NAME = "$(TARGET_NAME)";
				SWIFT_EMIT_LOC_STRINGS = NO;
				SWIFT_VERSION = 5.0;
				TARGETED_DEVICE_FAMILY = "1,2";
				TEST_TARGET_NAME = SecureSwiftUI;
			};
			name = Release;
		};
/* End XCBuildConfiguration section */

/* Begin XCConfigurationList section */
		E1EF171128FED4BE00E53290 /* Build configuration list for PBXProject "SecureSwiftUI" */ = {
			isa = XCConfigurationList;
			buildConfigurations = (
				E1EF173828FED4C000E53290 /* Debug */,
				E1EF173928FED4C000E53290 /* Release */,
			);
			defaultConfigurationIsVisible = 0;
			defaultConfigurationName = Release;
		};
		E1EF173A28FED4C000E53290 /* Build configuration list for PBXNativeTarget "SecureSwiftUI" */ = {
			isa = XCConfigurationList;
			buildConfigurations = (
				E1EF173B28FED4C000E53290 /* Debug */,
				E1EF173C28FED4C000E53290 /* Release */,
			);
			defaultConfigurationIsVisible = 0;
			defaultConfigurationName = Release;
		};
		E1EF173D28FED4C000E53290 /* Build configuration list for PBXNativeTarget "SecureSwiftUITests" */ = {
			isa = XCConfigurationList;
			buildConfigurations = (
				E1EF173E28FED4C000E53290 /* Debug */,
				E1EF173F28FED4C000E53290 /* Release */,
			);
			defaultConfigurationIsVisible = 0;
			defaultConfigurationName = Release;
		};
		E1EF174028FED4C000E53290 /* Build configuration list for PBXNativeTarget "SecureSwiftUIUITests" */ = {
			isa = XCConfigurationList;
			buildConfigurations = (
				E1EF174128FED4C000E53290 /* Debug */,
				E1EF174228FED4C000E53290 /* Release */,
			);
			defaultConfigurationIsVisible = 0;
			defaultConfigurationName = Release;
		};
/* End XCConfigurationList section */
	};
	rootObject = E1EF170E28FED4BE00E53290 /* Project object */;
}
